# THIS IS AN AUTOGENERATED FILE. DO NOT EDIT THIS FILE DIRECTLY.
# yarn lockfile v1


"@cocreate/crud-client@^1.4.43":
  version "1.4.45"
  resolved "https://registry.yarnpkg.com/@cocreate/crud-client/-/crud-client-1.4.45.tgz#2b253c24d16f4b48e97af2b47eed4051d8db1a3a"
  integrity sha512-3HMFKjtrdbLX304TEuFINFgKIJl1Zz1j+4ylEDr0cS46WHTG6V3TndQjOYJ0HDzU405AH6g5TvlrmD1uv8mwAg==
  dependencies:
    "@cocreate/docs" "^1.2.65"
    "@cocreate/socket-client" "^1.4.18"

"@cocreate/crud-client@^1.4.45":
  version "1.4.46"
  resolved "https://registry.yarnpkg.com/@cocreate/crud-client/-/crud-client-1.4.46.tgz#67245d20a0580b45265c58d2952a7dda60646335"
  integrity sha512-ATUmGMHw42trgfWwcRbEBbfHE2jP4agWNf7iEgliLJLnMpERVBwLEhqriOj/2FdhwY7QLgerJ4I2uEJ291JhuQ==
  dependencies:
    "@cocreate/docs" "^1.2.67"
    "@cocreate/socket-client" "^1.4.20"

"@cocreate/crud-client@^1.4.46":
  version "1.4.47"
  resolved "https://registry.yarnpkg.com/@cocreate/crud-client/-/crud-client-1.4.47.tgz#eb8c3620032af868c1cf87a852f059b9aefb0266"
  integrity sha512-SGE2L7kNobtH8QkX85b5u18NoWTz4RIZV/T4f9OvALMGntZXhlRY6NS1TdvI4U+r1ZAVvByulLwt4mhjSo89DQ==
  dependencies:
    "@cocreate/docs" "^1.2.68"
    "@cocreate/socket-client" "^1.4.21"

"@cocreate/crud-client@^1.4.47":
  version "1.6.2"
  resolved "https://registry.yarnpkg.com/@cocreate/crud-client/-/crud-client-1.6.2.tgz#e93b23eedded8a21d0898601ad0e948e09b91e8d"
  integrity sha512-UDEqHGcG3A8fRiou/UrH0vctEI3uJY0nPsmVotDrfVvWLsxQvEgEHcOkGhUt1+isn69rrHXpXRN4QAurMjHyQg==
  dependencies:
    "@cocreate/docs" "^1.2.69"
    "@cocreate/socket-client" "^1.4.22"

"@cocreate/crud-client@^1.6.2":
  version "1.7.0"
  resolved "https://registry.yarnpkg.com/@cocreate/crud-client/-/crud-client-1.7.0.tgz#790f5f6bdbe6e7efba0a6ee033a23131afee65de"
  integrity sha512-aBGycUSDgXc0w2VrHsXqZT8n+lEFtj64zCeStG0I/YCBtS4zXOTy+Qy1ODgkseQ0C0yHfSMA3HaQF9uM6dUBNw==
  dependencies:
    "@cocreate/docs" "^1.3.1"
    "@cocreate/socket-client" "^1.5.1"

"@cocreate/crud-client@^1.7.0":
  version "1.7.1"
  resolved "https://registry.yarnpkg.com/@cocreate/crud-client/-/crud-client-1.7.1.tgz#298ae5ae4727096c57337f6ebe8893f140f84afd"
  integrity sha512-HvSyQ5LrFbuTLxnq3/aRwsqwlUbPLwGSNm+GSjn1+Zoh5RrHtFi2W5EEnAMJvUOYUrKbw7BMvWirkt6vtOnQJA==
  dependencies:
    "@cocreate/docs" "^1.3.2"
    "@cocreate/socket-client" "^1.5.3"

"@cocreate/crud-client@^1.7.1":
  version "1.10.0"
  resolved "https://registry.yarnpkg.com/@cocreate/crud-client/-/crud-client-1.10.0.tgz#04524b22ec3a07f310dc38192233a24e0bebc374"
  integrity sha512-pIqaz5oh5dmlwlKq29205bgrLhZ9KFJK3sIvg89f5ZR3EgqLny7yPtb7HXYrFlwsVS+T/+r1f2YCBdrlDLnG1g==
  dependencies:
    "@cocreate/docs" "^1.3.3"
    "@cocreate/socket-client" "^1.5.4"

"@cocreate/docs@^1.2.65", "@cocreate/docs@^1.2.67":
  version "1.2.67"
  resolved "https://registry.yarnpkg.com/@cocreate/docs/-/docs-1.2.67.tgz#9a3ac58e5296b0b10b17e2de5d0d54f1121320b4"
  integrity sha512-QabdbzMUqn1uRJu8DOVMZ8bX+hQJRVhTje6PQs8+cMm58M42wbOR2CLfI4iMapEyf0EcSAIYT+dBzv1NKvzgDg==
  dependencies:
    "@cocreate/crud-client" "^1.4.43"
    "@cocreate/hosting" "^1.2.60"
    "@cocreate/socket-client" "^1.4.18"
    extract-comments "^1.1.0"
    glob "^7.1.6"
    parse-html-comments "^1.3.1"

"@cocreate/docs@^1.2.68":
  version "1.2.68"
  resolved "https://registry.yarnpkg.com/@cocreate/docs/-/docs-1.2.68.tgz#11b1052bf10842a41f42b73fa9d086d2ece22309"
  integrity sha512-6Wkc0C6DG7It8WgIdUHxu7d8bfrW/1gFqJH+B04HlSo+qJwwGOXsWZTGIcCOPsefuMQCMqlenx4Y8kuMHK2nWw==
  dependencies:
    "@cocreate/crud-client" "^1.4.45"
    "@cocreate/hosting" "^1.2.62"
    "@cocreate/socket-client" "^1.4.20"
    extract-comments "^1.1.0"
    glob "^7.1.6"
    parse-html-comments "^1.3.1"

"@cocreate/docs@^1.2.69":
  version "1.2.69"
  resolved "https://registry.yarnpkg.com/@cocreate/docs/-/docs-1.2.69.tgz#9fe43a5141fbbfe43ad8669127ab6dcb56f9efe3"
  integrity sha512-Fum8HncEsVG8T3CcYlYo9gDCQbX1xPPsXr/RAYnpT6uzdkZz+QyAjAmaOkFzTDSHgAcS8bg0Hc8IO/k0MhVGwA==
  dependencies:
    "@cocreate/crud-client" "^1.4.46"
    "@cocreate/hosting" "^1.2.63"
    "@cocreate/socket-client" "^1.4.21"
    extract-comments "^1.1.0"
    glob "^7.1.6"
    parse-html-comments "^1.3.1"

"@cocreate/docs@^1.3.1":
  version "1.3.1"
  resolved "https://registry.yarnpkg.com/@cocreate/docs/-/docs-1.3.1.tgz#d5e166627480797939c00d0de83bb347fe6f567f"
  integrity sha512-ggDqNt3XRwDkRuJgbuUUZJqyv/IovtuHnHZOSFMrKnPBpM4fwNqaOQbfENkuhGAI9UtaAse3jyfvPP28D0Na+g==
  dependencies:
    "@cocreate/crud-client" "^1.4.47"
    "@cocreate/hosting" "^1.2.64"
    "@cocreate/socket-client" "^1.4.22"
    extract-comments "^1.1.0"
    glob "^7.1.6"
    parse-html-comments "^1.3.1"

"@cocreate/docs@^1.3.2":
  version "1.3.2"
  resolved "https://registry.yarnpkg.com/@cocreate/docs/-/docs-1.3.2.tgz#232aa658f3486790e9d7af27be85c46dbb8f8eb7"
  integrity sha512-zyitPh6inDZcnBVqYRyYKS1iN8/IWpCorpVyAi4IpQdtmgtnpowg+snx58HkX3LWuTQYEJvaurOTuuvwaPqeHg==
  dependencies:
    "@cocreate/crud-client" "^1.6.2"
    "@cocreate/hosting" "^1.3.1"
    "@cocreate/socket-client" "^1.5.1"
    extract-comments "^1.1.0"
    glob "^7.1.6"
    parse-html-comments "^1.3.1"

"@cocreate/docs@^1.3.3":
  version "1.3.3"
  resolved "https://registry.yarnpkg.com/@cocreate/docs/-/docs-1.3.3.tgz#6a7731a2ef15a619fe1a21cd8505072b50d66b98"
  integrity sha512-VBI2O68RpwyblWquIh4lbB3gvWFAv1qUEzB64K2+WKE4RuvovQpC4568DfmbaqJ1LEP45s+ZDzz1pNKjx8dQyQ==
  dependencies:
    "@cocreate/crud-client" "^1.7.0"
    "@cocreate/hosting" "^1.3.2"
    "@cocreate/socket-client" "^1.5.3"
    extract-comments "^1.1.0"
    glob "^7.1.6"
    parse-html-comments "^1.3.1"

"@cocreate/docs@^1.3.5":
  version "1.3.5"
  resolved "https://registry.yarnpkg.com/@cocreate/docs/-/docs-1.3.5.tgz#bb22dd5da3a2a0d1e4f5b117c232b9f8e7f22458"
  integrity sha512-ecVjScbGEuDMiRsq+gDtrHd+uKT4eHqsjJZ2b/h6aV24NAX92JhaegbwJSU8docUJDo8nVDUlKz9jZQ94IGapg==
  dependencies:
    "@cocreate/crud-client" "^1.7.1"
    "@cocreate/hosting" "^1.3.3"
    "@cocreate/socket-client" "^1.5.4"
    extract-comments "^1.1.0"
    glob "^7.1.6"
    parse-html-comments "^1.3.1"

"@cocreate/hosting@^1.2.60", "@cocreate/hosting@^1.2.62":
  version "1.2.62"
  resolved "https://registry.yarnpkg.com/@cocreate/hosting/-/hosting-1.2.62.tgz#7bed4d89c0bd55d6543976e3442cdcef8d5dcb17"
  integrity sha512-PgNBhE+GL1TPCs2MOYqQUND81PBQU62cKzfvBDvlB6WcuQG5bNHouzi6fq/H3xbXt6EZSm4kvvuhP4S5jk0DYg==
  dependencies:
    "@cocreate/crud-client" "^1.4.43"
    "@cocreate/docs" "^1.2.65"
    "@cocreate/socket-client" "^1.4.18"
    mime-types "^2.1.30"

"@cocreate/hosting@^1.2.63":
  version "1.2.63"
  resolved "https://registry.yarnpkg.com/@cocreate/hosting/-/hosting-1.2.63.tgz#a2a5370cc4d34e75c6913be00a1c99bf31002b46"
  integrity sha512-dK0lmT2ZXyFEmtTu82crjhInoSArbF3ltqHNeNDyyvjV38aU12ozRiGnvxx5rnDoD0GEc8HZtv4Dmcr5ooP4Iw==
  dependencies:
    "@cocreate/crud-client" "^1.4.45"
    "@cocreate/docs" "^1.2.67"
    "@cocreate/socket-client" "^1.4.20"
    mime-types "^2.1.30"

"@cocreate/hosting@^1.2.64":
  version "1.2.64"
  resolved "https://registry.yarnpkg.com/@cocreate/hosting/-/hosting-1.2.64.tgz#b60dbc61e69fc3827315b152d66e1f8c2730a5bb"
  integrity sha512-aCoTLWk+cS75r5xzuXDf9S37HIO2u4ZA03qAoiMOaYaiJRFQjDUE0Ws6ouxnuaByyIG3z29KdSmiZqpqDwfUww==
  dependencies:
    "@cocreate/crud-client" "^1.4.46"
    "@cocreate/docs" "^1.2.68"
    "@cocreate/socket-client" "^1.4.21"
    mime-types "^2.1.30"

"@cocreate/hosting@^1.3.1":
  version "1.3.1"
  resolved "https://registry.yarnpkg.com/@cocreate/hosting/-/hosting-1.3.1.tgz#b017a034721e63914980d0399e688ef2cfbefd80"
  integrity sha512-Si5k+o4eaiXuNcwO3Voiyr7/gDCairv7BQwrlOurql9wtGJsxw8+9Dwa17BOhV9B8NjQIfi1wmCxTzR670gyQw==
  dependencies:
    "@cocreate/crud-client" "^1.4.47"
    "@cocreate/docs" "^1.2.69"
    "@cocreate/socket-client" "^1.4.22"
    mime-types "^2.1.30"

"@cocreate/hosting@^1.3.2":
  version "1.3.2"
  resolved "https://registry.yarnpkg.com/@cocreate/hosting/-/hosting-1.3.2.tgz#acae1e813d3e609e3078bb9fc26018a05531a82c"
  integrity sha512-tQovwi/lp77kB8voBge3f65bit7HKOwyZLYqbF+UaOad5lDmdbNaFpq5kOD7b8AaYcLDsOuqtNMA+rsZ1JwVBA==
  dependencies:
    "@cocreate/crud-client" "^1.6.2"
    "@cocreate/docs" "^1.3.1"
    "@cocreate/socket-client" "^1.5.1"
    mime-types "^2.1.30"

"@cocreate/hosting@^1.3.3":
  version "1.3.3"
  resolved "https://registry.yarnpkg.com/@cocreate/hosting/-/hosting-1.3.3.tgz#f88a5dcb9448e4bbbc836087d5b3a2b1323acc58"
  integrity sha512-jP8/MxlkY9ek1HXr7EoihPLUqYPqC4sldQyM+mwGPEjnWJmp8FRWy3kSXUghq0Ap2bq4BqxF/ggIJS+LCOiYDw==
  dependencies:
    "@cocreate/crud-client" "^1.7.0"
    "@cocreate/docs" "^1.3.2"
    "@cocreate/socket-client" "^1.5.3"
    mime-types "^2.1.30"

"@cocreate/hosting@^1.3.4":
  version "1.3.4"
  resolved "https://registry.yarnpkg.com/@cocreate/hosting/-/hosting-1.3.4.tgz#83581f21b93833118ba0d9608a533105cf5198d7"
  integrity sha512-Sk2a+b46NpHQCNbYdTq/OUp8EJmAbnb3Pr/oNEGQGlp7nFZ8pVLVFhy5V7QuMrubkt2DskNKrNIF5IuSg2cvtg==
  dependencies:
    "@cocreate/crud-client" "^1.7.1"
    "@cocreate/docs" "^1.3.3"
    "@cocreate/socket-client" "^1.5.4"
    mime-types "^2.1.30"

"@cocreate/socket-client@^1.4.18":
  version "1.4.20"
  resolved "https://registry.yarnpkg.com/@cocreate/socket-client/-/socket-client-1.4.20.tgz#9c3535631fcccdf9d64f1cb2099168981176c7a4"
  integrity sha512-ziWKUY0UHkTOnrhciPaGg+zxq/47DsVwBKxjsDkQm2OEOrcflpUP1BmvM1kGwPX0bDmE2eMV0Eizh/v9wDqBrA==
  dependencies:
    "@cocreate/docs" "^1.2.65"
    "@cocreate/uuid" "^1.1.55"
    ws "^7.4.4"

"@cocreate/socket-client@^1.4.20":
  version "1.4.21"
  resolved "https://registry.yarnpkg.com/@cocreate/socket-client/-/socket-client-1.4.21.tgz#8964d79535c78f61dabafff1181702af5a8cbba8"
  integrity sha512-zko77aU3UPig6FyqJC11oKEkXEG8ig6kR8A3Pum5h79NwG3pdj19rjb53JFdDNI/9ZUH9ZUL0rLkKPl1nsx51Q==
  dependencies:
    "@cocreate/docs" "^1.2.67"
    "@cocreate/uuid" "^1.1.57"
    ws "^7.4.4"

"@cocreate/socket-client@^1.4.21":
  version "1.4.22"
  resolved "https://registry.yarnpkg.com/@cocreate/socket-client/-/socket-client-1.4.22.tgz#c95842ff2cb0d8109735a13f58f16050574224b0"
  integrity sha512-kwIY7/DpIPx02xu3uHI2PR0DqtzGgqjPlqnYCsGbmb15KFwZKSY0wy7gq8V8piuMF6ytGNjoYIH+FV28y+hskg==
  dependencies:
    "@cocreate/docs" "^1.2.68"
    "@cocreate/uuid" "^1.1.58"
    ws "^7.4.4"

"@cocreate/socket-client@^1.4.22":
  version "1.5.1"
  resolved "https://registry.yarnpkg.com/@cocreate/socket-client/-/socket-client-1.5.1.tgz#4f90afe5c3b1168432899ad52d60997f025cbab6"
  integrity sha512-PTv86FBEFQLTrGyCpnXS/NHAKO5phtojc18JXZdkiKLlkjFFqQNKpggswoaXZ+AUr7ob19ndxQnDwwTwm0W84A==
  dependencies:
    "@cocreate/docs" "^1.2.69"
    "@cocreate/uuid" "^1.1.59"
    ws "^7.4.4"

"@cocreate/socket-client@^1.5.1":
  version "1.5.3"
  resolved "https://registry.yarnpkg.com/@cocreate/socket-client/-/socket-client-1.5.3.tgz#a4c90e96b4cdc20b540f6d4fa07377a1635e705a"
  integrity sha512-dhpgg4pbA+uzESZ3zlE14YflkYKOh76KmagV8aB/B4l+p1XZHiVjnNICX6lYJKHxqX9a2i6dRQoqRtjbrx3jPA==
  dependencies:
    "@cocreate/docs" "^1.3.1"
    "@cocreate/uuid" "^1.2.1"
    ws "^7.4.4"

"@cocreate/socket-client@^1.5.3":
  version "1.5.4"
  resolved "https://registry.yarnpkg.com/@cocreate/socket-client/-/socket-client-1.5.4.tgz#88d1547623040eac8cdf150fbae10d20e2611000"
  integrity sha512-siscPxayw3K9PDDxCmmrC04s7HvkyzjxWhfZly9jPrEU9WnwgapFA6MBNXwCYYyzKGsraX+OT97JhZ9v+QHi+Q==
  dependencies:
    "@cocreate/docs" "^1.3.2"
    "@cocreate/uuid" "^1.2.2"
    ws "^7.4.4"

"@cocreate/socket-client@^1.5.4":
  version "1.5.6"
  resolved "https://registry.yarnpkg.com/@cocreate/socket-client/-/socket-client-1.5.6.tgz#8cd34d2505df9e21bb554fcab010c8cb9a101db8"
  integrity sha512-yw/793dctzMA2O5uoKfK4NO/i1AdBOcFtqKeKvPi15FjL95wxX0B9CxUN9+crhfvfEXXx47RFy803n1OZ836eg==
  dependencies:
    "@cocreate/docs" "^1.3.3"
    "@cocreate/uuid" "^1.2.4"
    ws "^7.4.4"

"@cocreate/uuid@^1.1.55":
  version "1.1.57"
  resolved "https://registry.yarnpkg.com/@cocreate/uuid/-/uuid-1.1.57.tgz#7890ef4de88f1711835b7dd6aceb117106e910e1"
  integrity sha512-vodJcy+sQXg8XgDslc7aBWzoTsOaidLxLZnvufik6hMWsLUvwZR/3VJJkLCQzg+P7DjvvFVDV+adEnNQ5vww2g==
  dependencies:
    "@cocreate/docs" "^1.2.65"

"@cocreate/uuid@^1.1.57":
  version "1.1.58"
  resolved "https://registry.yarnpkg.com/@cocreate/uuid/-/uuid-1.1.58.tgz#77471a6019c1dc005291712a641b394b1cc353c6"
  integrity sha512-2QlKywpgUBqja3JJ3TrKeh/+IGNPgi6XhB82NzK3V+VEmnu0WPqSxI2DHVhG4gStmC7kGTu1mOgQ0hbnWNtc8Q==
  dependencies:
    "@cocreate/docs" "^1.2.67"

"@cocreate/uuid@^1.1.58":
  version "1.1.59"
  resolved "https://registry.yarnpkg.com/@cocreate/uuid/-/uuid-1.1.59.tgz#63e2d6628e2a87d9353f91a1c7823586d139a6f0"
  integrity sha512-UNI0Yqf1qo7hlmFvRxPIulrDDm6XF7Zty1q68rtVdSBE+w6Q7rGBEYznvp3yDqV5uIwyZGSVv8LwqeUU9w3oJg==
  dependencies:
    "@cocreate/docs" "^1.2.68"

"@cocreate/uuid@^1.1.59":
  version "1.2.1"
  resolved "https://registry.yarnpkg.com/@cocreate/uuid/-/uuid-1.2.1.tgz#f713ccbfeb2299b712b94453b201ab221ee9ca79"
  integrity sha512-276hIIKW5JcVQUF/GskAfpIDE+2dCE+kCYNXHvgJq7JsDK7TOTQ0LFAnNQOeocYU2AUem8SXlb3DMVyn8Lu5xQ==
  dependencies:
    "@cocreate/docs" "^1.2.69"

"@cocreate/uuid@^1.2.1":
  version "1.2.2"
  resolved "https://registry.yarnpkg.com/@cocreate/uuid/-/uuid-1.2.2.tgz#258b5e00f6a7da222a71001980ce21c605403571"
  integrity sha512-fG4L5yCGRkIszgCILXNhwI9Ha0TNfOU/jZBAlOIQjr/VwiTkAGvUroGYuMFwbR1aIUyYV9BbCR+YcUcmljN3aA==
  dependencies:
    "@cocreate/docs" "^1.3.1"

"@cocreate/uuid@^1.2.2":
  version "1.2.4"
  resolved "https://registry.yarnpkg.com/@cocreate/uuid/-/uuid-1.2.4.tgz#811a7cf51c001131af8b7578840eb3c42ca52149"
  integrity sha512-kcgw9l5tJiVcHH7RFPWLNkdh8VXBy1oPzFIpXaddYbUrqp8XgHFm2Hkerlh/jSPoiU4fjInbj0YKZ9qXcfdZ2Q==
  dependencies:
    "@cocreate/docs" "^1.3.2"

"@cocreate/uuid@^1.2.4":
  version "1.2.5"
  resolved "https://registry.yarnpkg.com/@cocreate/uuid/-/uuid-1.2.5.tgz#b40ee4267bd3817a10590a7255d712e6cff54a4e"
  integrity sha512-lv9G84nrJohvafP+xo1F79ZXtHRCC0FwbENIyZ9XYvTyWF1kg/ub2V+c+MjyhFCfUQnwX40E7Cyb7SvElJUW9Q==
  dependencies:
    "@cocreate/docs" "^1.3.3"

balanced-match@^1.0.0:
  version "1.0.2"
  resolved "https://registry.yarnpkg.com/balanced-match/-/balanced-match-1.0.2.tgz#e83e3a7e3f300b34cb9d87f615fa0cbf357690ee"
  integrity sha512-3oSeUO0TMV67hN1AmbXsK4yaqU7tjiHlbxRDZOpH0KW9+CeX4bRAaX0Anxt0tx2MrpRpWwQaPwIlISEJhYU5Pw==

brace-expansion@^1.1.7:
  version "1.1.11"
  resolved "https://registry.yarnpkg.com/brace-expansion/-/brace-expansion-1.1.11.tgz#3c7fcbf529d87226f3d2f52b966ff5271eb441dd"
  integrity sha512-iCuPHDFgrHX7H2vEI/5xpz07zSHB00TpugqhmYtVmMO6518mCuRMoOYFldEBl0g187ufozdaHgWKcYFb61qGiA==
  dependencies:
    balanced-match "^1.0.0"
    concat-map "0.0.1"

concat-map@0.0.1:
  version "0.0.1"
  resolved "https://registry.yarnpkg.com/concat-map/-/concat-map-0.0.1.tgz#d8a96bd77fd68df7793a73036a3ba0d5405d477b"
  integrity sha1-2Klr13/Wjfd5OnMDajug1UBdR3s=

esprima-extract-comments@^1.1.0:
  version "1.1.0"
  resolved "https://registry.yarnpkg.com/esprima-extract-comments/-/esprima-extract-comments-1.1.0.tgz#0dacab567a5900240de6d344cf18c33617becbc9"
  integrity sha512-sBQUnvJwpeE9QnPrxh7dpI/dp67erYG4WXEAreAMoelPRpMR7NWb4YtwRPn9b+H1uLQKl/qS8WYmyaljTpjIsw==
  dependencies:
    esprima "^4.0.0"

esprima@^4.0.0:
  version "4.0.1"
  resolved "https://registry.yarnpkg.com/esprima/-/esprima-4.0.1.tgz#13b04cdb3e6c5d19df91ab6987a8695619b0aa71"
  integrity sha512-eGuFFw7Upda+g4p+QHvnW0RyTX/SVeJBDM/gCtMARO0cLuT2HcEKnTPvhjV6aGeqrCB/sbNop0Kszm0jsaWU4A==

extract-comments@^1.1.0:
  version "1.1.0"
  resolved "https://registry.yarnpkg.com/extract-comments/-/extract-comments-1.1.0.tgz#b90bca033a056bd69b8ba1c6b6b120fc2ee95c18"
  integrity sha512-dzbZV2AdSSVW/4E7Ti5hZdHWbA+Z80RJsJhr5uiL10oyjl/gy7/o+HI1HwK4/WSZhlq4SNKU3oUzXlM13Qx02Q==
  dependencies:
    esprima-extract-comments "^1.1.0"
    parse-code-context "^1.0.0"

fs.realpath@^1.0.0:
  version "1.0.0"
  resolved "https://registry.yarnpkg.com/fs.realpath/-/fs.realpath-1.0.0.tgz#1504ad2523158caa40db4a2787cb01411994ea4f"
  integrity sha1-FQStJSMVjKpA20onh8sBQRmU6k8=

glob@^7.1.6:
  version "7.1.7"
  resolved "https://registry.yarnpkg.com/glob/-/glob-7.1.7.tgz#3b193e9233f01d42d0b3f78294bbeeb418f94a90"
  integrity sha512-OvD9ENzPLbegENnYP5UUfJIirTg4+XwMWGaQfQTY0JenxNvvIKP3U3/tAQSPIu/lHxXYSZmpXlUHeqAIdKzBLQ==
  dependencies:
    fs.realpath "^1.0.0"
    inflight "^1.0.4"
    inherits "2"
    minimatch "^3.0.4"
    once "^1.3.0"
    path-is-absolute "^1.0.0"

inflight@^1.0.4:
  version "1.0.6"
  resolved "https://registry.yarnpkg.com/inflight/-/inflight-1.0.6.tgz#49bd6331d7d02d0c09bc910a1075ba8165b56df9"
  integrity sha1-Sb1jMdfQLQwJvJEKEHW6gWW1bfk=
  dependencies:
    once "^1.3.0"
    wrappy "1"

inherits@2:
  version "2.0.4"
  resolved "https://registry.yarnpkg.com/inherits/-/inherits-2.0.4.tgz#0fa2c64f932917c3433a0ded55363aae37416b7c"
  integrity sha512-k/vGaX4/Yla3WzyMCvTQOXYeIHvqOKtnqBduzTHpzpQZzAskKMhZ2K+EnBiSM9zGSoIFeMpXKxa4dYeZIQqewQ==

mime-db@1.47.0:
  version "1.47.0"
  resolved "https://registry.yarnpkg.com/mime-db/-/mime-db-1.47.0.tgz#8cb313e59965d3c05cfbf898915a267af46a335c"
  integrity sha512-QBmA/G2y+IfeS4oktet3qRZ+P5kPhCKRXxXnQEudYqUaEioAU1/Lq2us3D/t1Jfo4hE9REQPrbB7K5sOczJVIw==

mime-types@^2.1.30:
  version "2.1.30"
  resolved "https://registry.yarnpkg.com/mime-types/-/mime-types-2.1.30.tgz#6e7be8b4c479825f85ed6326695db73f9305d62d"
  integrity sha512-crmjA4bLtR8m9qLpHvgxSChT+XoSlZi8J4n/aIdn3z92e/U47Z0V/yl+Wh9W046GgFVAmoNR/fmdbZYcSSIUeg==
  dependencies:
    mime-db "1.47.0"

minimatch@^3.0.4:
  version "3.0.4"
  resolved "https://registry.yarnpkg.com/minimatch/-/minimatch-3.0.4.tgz#5166e286457f03306064be5497e8dbb0c3d32083"
  integrity sha512-yJHVQEhyqPLUTgt9B83PXu6W3rx4MvvHvSUvToogpwoGDOUQ+yDrR0HRot+yOCdCO7u4hX3pWft6kWBBcqh0UA==
  dependencies:
    brace-expansion "^1.1.7"

once@^1.3.0:
  version "1.4.0"
  resolved "https://registry.yarnpkg.com/once/-/once-1.4.0.tgz#583b1aa775961d4b113ac17d9c50baef9dd76bd1"
  integrity sha1-WDsap3WWHUsROsF9nFC6753Xa9E=
  dependencies:
    wrappy "1"

parse-code-context@^1.0.0:
  version "1.0.0"
  resolved "https://registry.yarnpkg.com/parse-code-context/-/parse-code-context-1.0.0.tgz#718c295c593d0d19a37f898473268cc75e98de1e"
  integrity sha512-OZQaqKaQnR21iqhlnPfVisFjBWjhnMl5J9MgbP8xC+EwoVqbXrq78lp+9Zb3ahmLzrIX5Us/qbvBnaS3hkH6OA==

parse-html-comments@^1.3.1:
  version "1.3.1"
  resolved "https://registry.yarnpkg.com/parse-html-comments/-/parse-html-comments-1.3.1.tgz#c6363e5288e7168575a350c0c5495e9e8cd8a751"
  integrity sha512-k1uvLzOf4K49Kr5Kx+BZyu7y5LKChtNU69xzXM/M7b9/xMM79ScdPmeDiK4FeLLISeLmkaMmuWAcq/lQu55eIA==

path-is-absolute@^1.0.0:
  version "1.0.1"
  resolved "https://registry.yarnpkg.com/path-is-absolute/-/path-is-absolute-1.0.1.tgz#174b9268735534ffbc7ace6bf53a5a9e1b5c5f5f"
  integrity sha1-F0uSaHNVNP+8es5r9TpanhtcX18=

wrappy@1:
  version "1.0.2"
  resolved "https://registry.yarnpkg.com/wrappy/-/wrappy-1.0.2.tgz#b5243d8f3ec1aa35f1364605bc0d1036e30ab69f"
  integrity sha1-tSQ9jz7BqjXxNkYFvA0QNuMKtp8=

ws@^7.4.4:
  version "7.4.5"
  resolved "https://registry.yarnpkg.com/ws/-/ws-7.4.5.tgz#a484dd851e9beb6fdb420027e3885e8ce48986c1"
  integrity sha512-xzyu3hFvomRfXKH8vOFMU3OguG6oOvhXMo3xsGy3xWExqaM2dxBbVxuD99O7m3ZUFMvvscsZDqxfgMaRr/Nr1g==
